// !$*UTF8*$!
{
	archiveVersion = 1;
	classes = {
	};
	objectVersion = 51;
	objects = {

/* Begin PBXBuildFile section */
		1821A037B9C8A72605C3DCE4 /* Pods_Weather.framework in Frameworks */ = {isa = PBXBuildFile; fileRef = 5A69393BCDC8F100B21490DE /* Pods_Weather.framework */; };
		5343009B261C58C100BD0836 /* City+CoreDataProperties.swift in Sources */ = {isa = PBXBuildFile; fileRef = 53430097261C58C100BD0836 /* City+CoreDataProperties.swift */; };
		5343009C261C58C100BD0836 /* Comment+CoreDataClass.swift in Sources */ = {isa = PBXBuildFile; fileRef = 53430098261C58C100BD0836 /* Comment+CoreDataClass.swift */; };
		5343009D261C58C100BD0836 /* Comment+CoreDataProperties.swift in Sources */ = {isa = PBXBuildFile; fileRef = 53430099261C58C100BD0836 /* Comment+CoreDataProperties.swift */; };
		5343009E261C58C100BD0836 /* City+CoreDataClass.swift in Sources */ = {isa = PBXBuildFile; fileRef = 5343009A261C58C100BD0836 /* City+CoreDataClass.swift */; };
		5398C22E261C538B00126181 /* WeatherApp.swift in Sources */ = {isa = PBXBuildFile; fileRef = 5398C22D261C538B00126181 /* WeatherApp.swift */; };
		5398C232261C538E00126181 /* Assets.xcassets in Resources */ = {isa = PBXBuildFile; fileRef = 5398C231261C538E00126181 /* Assets.xcassets */; };
		5398C235261C538E00126181 /* Preview Assets.xcassets in Resources */ = {isa = PBXBuildFile; fileRef = 5398C234261C538E00126181 /* Preview Assets.xcassets */; };
		5398C237261C538E00126181 /* Persistence.swift in Sources */ = {isa = PBXBuildFile; fileRef = 5398C236261C538E00126181 /* Persistence.swift */; };
		5398C23A261C538E00126181 /* Weather.xcdatamodeld in Sources */ = {isa = PBXBuildFile; fileRef = 5398C238261C538E00126181 /* Weather.xcdatamodeld */; };
		5398C243261C540200126181 /* WeatherView.swift in Sources */ = {isa = PBXBuildFile; fileRef = 5398C242261C540200126181 /* WeatherView.swift */; };
		5398C246261C541800126181 /* ListWeatherView.swift in Sources */ = {isa = PBXBuildFile; fileRef = 5398C245261C541800126181 /* ListWeatherView.swift */; };
		5398C249261C542500126181 /* RowView.swift in Sources */ = {isa = PBXBuildFile; fileRef = 5398C248261C542500126181 /* RowView.swift */; };
		5398C24C261C543300126181 /* ViewModel.swift in Sources */ = {isa = PBXBuildFile; fileRef = 5398C24B261C543300126181 /* ViewModel.swift */; };
		5398C24F261C544400126181 /* WeatherModel.swift in Sources */ = {isa = PBXBuildFile; fileRef = 5398C24E261C544400126181 /* WeatherModel.swift */; };
		53D75114261D6ADB003299D9 /* CommentView.swift in Sources */ = {isa = PBXBuildFile; fileRef = 53D75113261D6ADB003299D9 /* CommentView.swift */; };
/* End PBXBuildFile section */

/* Begin PBXFileReference section */
		53430097261C58C100BD0836 /* City+CoreDataProperties.swift */ = {isa = PBXFileReference; fileEncoding = 4; lastKnownFileType = sourcecode.swift; path = "City+CoreDataProperties.swift"; sourceTree = "<group>"; };
		53430098261C58C100BD0836 /* Comment+CoreDataClass.swift */ = {isa = PBXFileReference; fileEncoding = 4; lastKnownFileType = sourcecode.swift; path = "Comment+CoreDataClass.swift"; sourceTree = "<group>"; };
		53430099261C58C100BD0836 /* Comment+CoreDataProperties.swift */ = {isa = PBXFileReference; fileEncoding = 4; lastKnownFileType = sourcecode.swift; path = "Comment+CoreDataProperties.swift"; sourceTree = "<group>"; };
		5343009A261C58C100BD0836 /* City+CoreDataClass.swift */ = {isa = PBXFileReference; fileEncoding = 4; lastKnownFileType = sourcecode.swift; path = "City+CoreDataClass.swift"; sourceTree = "<group>"; };
		5398C22A261C538B00126181 /* Weather.app */ = {isa = PBXFileReference; explicitFileType = wrapper.application; includeInIndex = 0; path = Weather.app; sourceTree = BUILT_PRODUCTS_DIR; };
		5398C22D261C538B00126181 /* WeatherApp.swift */ = {isa = PBXFileReference; lastKnownFileType = sourcecode.swift; path = WeatherApp.swift; sourceTree = "<group>"; };
		5398C231261C538E00126181 /* Assets.xcassets */ = {isa = PBXFileReference; lastKnownFileType = folder.assetcatalog; path = Assets.xcassets; sourceTree = "<group>"; };
		5398C234261C538E00126181 /* Preview Assets.xcassets */ = {isa = PBXFileReference; lastKnownFileType = folder.assetcatalog; path = "Preview Assets.xcassets"; sourceTree = "<group>"; };
		5398C236261C538E00126181 /* Persistence.swift */ = {isa = PBXFileReference; lastKnownFileType = sourcecode.swift; path = Persistence.swift; sourceTree = "<group>"; };
		5398C239261C538E00126181 /* Weather.xcdatamodel */ = {isa = PBXFileReference; lastKnownFileType = wrapper.xcdatamodel; path = Weather.xcdatamodel; sourceTree = "<group>"; };
		5398C23B261C538E00126181 /* Info.plist */ = {isa = PBXFileReference; lastKnownFileType = text.plist.xml; path = Info.plist; sourceTree = "<group>"; };
		5398C242261C540200126181 /* WeatherView.swift */ = {isa = PBXFileReference; lastKnownFileType = sourcecode.swift; path = WeatherView.swift; sourceTree = "<group>"; };
		5398C245261C541800126181 /* ListWeatherView.swift */ = {isa = PBXFileReference; lastKnownFileType = sourcecode.swift; path = ListWeatherView.swift; sourceTree = "<group>"; };
		5398C248261C542500126181 /* RowView.swift */ = {isa = PBXFileReference; lastKnownFileType = sourcecode.swift; path = RowView.swift; sourceTree = "<group>"; };
		5398C24B261C543300126181 /* ViewModel.swift */ = {isa = PBXFileReference; lastKnownFileType = sourcecode.swift; path = ViewModel.swift; sourceTree = "<group>"; };
		5398C24E261C544400126181 /* WeatherModel.swift */ = {isa = PBXFileReference; lastKnownFileType = sourcecode.swift; path = WeatherModel.swift; sourceTree = "<group>"; };
		53D75113261D6ADB003299D9 /* CommentView.swift */ = {isa = PBXFileReference; lastKnownFileType = sourcecode.swift; path = CommentView.swift; sourceTree = "<group>"; };
		5A69393BCDC8F100B21490DE /* Pods_Weather.framework */ = {isa = PBXFileReference; explicitFileType = wrapper.framework; includeInIndex = 0; path = Pods_Weather.framework; sourceTree = BUILT_PRODUCTS_DIR; };
		655E5F288DB1A889FBBD91B4 /* Pods-Weather.debug.xcconfig */ = {isa = PBXFileReference; includeInIndex = 1; lastKnownFileType = text.xcconfig; name = "Pods-Weather.debug.xcconfig"; path = "Target Support Files/Pods-Weather/Pods-Weather.debug.xcconfig"; sourceTree = "<group>"; };
		A0EC178E03925217668162CB /* Pods-Weather.release.xcconfig */ = {isa = PBXFileReference; includeInIndex = 1; lastKnownFileType = text.xcconfig; name = "Pods-Weather.release.xcconfig"; path = "Target Support Files/Pods-Weather/Pods-Weather.release.xcconfig"; sourceTree = "<group>"; };
/* End PBXFileReference section */

/* Begin PBXFrameworksBuildPhase section */
		5398C227261C538B00126181 /* Frameworks */ = {
			isa = PBXFrameworksBuildPhase;
			buildActionMask = 2147483647;
			files = (
				1821A037B9C8A72605C3DCE4 /* Pods_Weather.framework in Frameworks */,
			);
			runOnlyForDeploymentPostprocessing = 0;
		};
/* End PBXFrameworksBuildPhase section */

/* Begin PBXGroup section */
		3958A20C14ABD6B016005AF2 /* Frameworks */ = {
			isa = PBXGroup;
			children = (
				5A69393BCDC8F100B21490DE /* Pods_Weather.framework */,
			);
			name = Frameworks;
			sourceTree = "<group>";
		};
		53430096261C58C100BD0836 /* CoreDataModel */ = {
			isa = PBXGroup;
			children = (
				5398C236261C538E00126181 /* Persistence.swift */,
				53430097261C58C100BD0836 /* City+CoreDataProperties.swift */,
				53430098261C58C100BD0836 /* Comment+CoreDataClass.swift */,
				53430099261C58C100BD0836 /* Comment+CoreDataProperties.swift */,
				5343009A261C58C100BD0836 /* City+CoreDataClass.swift */,
				5398C238261C538E00126181 /* Weather.xcdatamodeld */,
			);
			path = CoreDataModel;
			sourceTree = "<group>";
		};
		534300A3261C5A6600BD0836 /* View */ = {
			isa = PBXGroup;
			children = (
				5398C242261C540200126181 /* WeatherView.swift */,
				5398C245261C541800126181 /* ListWeatherView.swift */,
				5398C248261C542500126181 /* RowView.swift */,
				53D75113261D6ADB003299D9 /* CommentView.swift */,
			);
			path = View;
			sourceTree = "<group>";
		};
		5398C221261C538B00126181 = {
			isa = PBXGroup;
			children = (
				5398C22C261C538B00126181 /* Weather */,
				5398C22B261C538B00126181 /* Products */,
				862445B20C05D7000B1E2EE1 /* Pods */,
				3958A20C14ABD6B016005AF2 /* Frameworks */,
			);
			sourceTree = "<group>";
		};
		5398C22B261C538B00126181 /* Products */ = {
			isa = PBXGroup;
			children = (
				5398C22A261C538B00126181 /* Weather.app */,
			);
			name = Products;
			sourceTree = "<group>";
		};
		5398C22C261C538B00126181 /* Weather */ = {
			isa = PBXGroup;
			children = (
				5398C22D261C538B00126181 /* WeatherApp.swift */,
				534300A3261C5A6600BD0836 /* View */,
				53D75117261D865C003299D9 /* ViewModel */,
				53D75116261D8651003299D9 /* Model */,
				53430096261C58C100BD0836 /* CoreDataModel */,
				5398C231261C538E00126181 /* Assets.xcassets */,
				5398C23B261C538E00126181 /* Info.plist */,
				5398C233261C538E00126181 /* Preview Content */,
			);
			path = Weather;
			sourceTree = "<group>";
		};
		5398C233261C538E00126181 /* Preview Content */ = {
			isa = PBXGroup;
			children = (
				5398C234261C538E00126181 /* Preview Assets.xcassets */,
			);
			path = "Preview Content";
			sourceTree = "<group>";
		};
		53D75116261D8651003299D9 /* Model */ = {
			isa = PBXGroup;
			children = (
				5398C24E261C544400126181 /* WeatherModel.swift */,
			);
			path = Model;
			sourceTree = "<group>";
		};
		53D75117261D865C003299D9 /* ViewModel */ = {
			isa = PBXGroup;
			children = (
				5398C24B261C543300126181 /* ViewModel.swift */,
			);
			path = ViewModel;
			sourceTree = "<group>";
		};
		862445B20C05D7000B1E2EE1 /* Pods */ = {
			isa = PBXGroup;
			children = (
				655E5F288DB1A889FBBD91B4 /* Pods-Weather.debug.xcconfig */,
				A0EC178E03925217668162CB /* Pods-Weather.release.xcconfig */,
			);
			path = Pods;
			sourceTree = "<group>";
		};
/* End PBXGroup section */

/* Begin PBXNativeTarget section */
		5398C229261C538B00126181 /* Weather */ = {
			isa = PBXNativeTarget;
			buildConfigurationList = 5398C23E261C538E00126181 /* Build configuration list for PBXNativeTarget "Weather" */;
			buildPhases = (
				188A067880A99D9BA77E3CE0 /* [CP] Check Pods Manifest.lock */,
				5398C226261C538B00126181 /* Sources */,
				5398C227261C538B00126181 /* Frameworks */,
				5398C228261C538B00126181 /* Resources */,
				E3D7E6EDB1864EA1B3CD9097 /* [CP] Embed Pods Frameworks */,
			);
			buildRules = (
			);
			dependencies = (
			);
			name = Weather;
			productName = Weather;
			productReference = 5398C22A261C538B00126181 /* Weather.app */;
			productType = "com.apple.product-type.application";
		};
/* End PBXNativeTarget section */

/* Begin PBXProject section */
		5398C222261C538B00126181 /* Project object */ = {
			isa = PBXProject;
			attributes = {
				LastSwiftUpdateCheck = 1240;
				LastUpgradeCheck = 1240;
				TargetAttributes = {
					5398C229261C538B00126181 = {
						CreatedOnToolsVersion = 12.4;
					};
				};
			};
			buildConfigurationList = 5398C225261C538B00126181 /* Build configuration list for PBXProject "Weather" */;
			compatibilityVersion = "Xcode 9.3";
			developmentRegion = en;
			hasScannedForEncodings = 0;
			knownRegions = (
				en,
				Base,
			);
			mainGroup = 5398C221261C538B00126181;
			productRefGroup = 5398C22B261C538B00126181 /* Products */;
			projectDirPath = "";
			projectRoot = "";
			targets = (
				5398C229261C538B00126181 /* Weather */,
			);
		};
/* End PBXProject section */

/* Begin PBXResourcesBuildPhase section */
		5398C228261C538B00126181 /* Resources */ = {
			isa = PBXResourcesBuildPhase;
			buildActionMask = 2147483647;
			files = (
				5398C235261C538E00126181 /* Preview Assets.xcassets in Resources */,
				5398C232261C538E00126181 /* Assets.xcassets in Resources */,
			);
			runOnlyForDeploymentPostprocessing = 0;
		};
/* End PBXResourcesBuildPhase section */

/* Begin PBXShellScriptBuildPhase section */
		188A067880A99D9BA77E3CE0 /* [CP] Check Pods Manifest.lock */ = {
			isa = PBXShellScriptBuildPhase;
			buildActionMask = 2147483647;
			files = (
			);
			inputFileListPaths = (
			);
			inputPaths = (
				"${PODS_PODFILE_DIR_PATH}/Podfile.lock",
				"${PODS_ROOT}/Manifest.lock",
			);
			name = "[CP] Check Pods Manifest.lock";
			outputFileListPaths = (
			);
			outputPaths = (
				"$(DERIVED_FILE_DIR)/Pods-Weather-checkManifestLockResult.txt",
			);
			runOnlyForDeploymentPostprocessing = 0;
			shellPath = /bin/sh;
			shellScript = "diff \"${PODS_PODFILE_DIR_PATH}/Podfile.lock\" \"${PODS_ROOT}/Manifest.lock\" > /dev/null\nif [ $? != 0 ] ; then\n    # print error to STDERR\n    echo \"error: The sandbox is not in sync with the Podfile.lock. Run 'pod install' or update your CocoaPods installation.\" >&2\n    exit 1\nfi\n# This output is used by Xcode 'outputs' to avoid re-running this script phase.\necho \"SUCCESS\" > \"${SCRIPT_OUTPUT_FILE_0}\"\n";
			showEnvVarsInLog = 0;
		};
		E3D7E6EDB1864EA1B3CD9097 /* [CP] Embed Pods Frameworks */ = {
			isa = PBXShellScriptBuildPhase;
			buildActionMask = 2147483647;
			files = (
			);
			inputFileListPaths = (
				"${PODS_ROOT}/Target Support Files/Pods-Weather/Pods-Weather-frameworks-${CONFIGURATION}-input-files.xcfilelist",
			);
			name = "[CP] Embed Pods Frameworks";
			outputFileListPaths = (
				"${PODS_ROOT}/Target Support Files/Pods-Weather/Pods-Weather-frameworks-${CONFIGURATION}-output-files.xcfilelist",
			);
			runOnlyForDeploymentPostprocessing = 0;
			shellPath = /bin/sh;
			shellScript = "\"${PODS_ROOT}/Target Support Files/Pods-Weather/Pods-Weather-frameworks.sh\"\n";
			showEnvVarsInLog = 0;
		};
/* End PBXShellScriptBuildPhase section */

/* Begin PBXSourcesBuildPhase section */
		5398C226261C538B00126181 /* Sources */ = {
			isa = PBXSourcesBuildPhase;
			buildActionMask = 2147483647;
			files = (
				5343009E261C58C100BD0836 /* City+CoreDataClass.swift in Sources */,
				53D75114261D6ADB003299D9 /* CommentView.swift in Sources */,
				5398C243261C540200126181 /* WeatherView.swift in Sources */,
				5343009B261C58C100BD0836 /* City+CoreDataProperties.swift in Sources */,
				5398C23A261C538E00126181 /* Weather.xcdatamodeld in Sources */,
				5398C249261C542500126181 /* RowView.swift in Sources */,
				5398C237261C538E00126181 /* Persistence.swift in Sources */,
				5343009D261C58C100BD0836 /* Comment+CoreDataProperties.swift in Sources */,
				5398C24F261C544400126181 /* WeatherModel.swift in Sources */,
				5398C246261C541800126181 /* ListWeatherView.swift in Sources */,
				5398C24C261C543300126181 /* ViewModel.swift in Sources */,
				5398C22E261C538B00126181 /* WeatherApp.swift in Sources */,
				5343009C261C58C100BD0836 /* Comment+CoreDataClass.swift in Sources */,
			);
			runOnlyForDeploymentPostprocessing = 0;
		};
/* End PBXSourcesBuildPhase section */

/* Begin XCBuildConfiguration section */
		5398C23C261C538E00126181 /* Debug */ = {
			isa = XCBuildConfiguration;
			buildSettings = {
				ALWAYS_SEARCH_USER_PATHS = NO;
				CLANG_ANALYZER_NONNULL = YES;
				CLANG_ANALYZER_NUMBER_OBJECT_CONVERSION = YES_AGGRESSIVE;
				CLANG_CXX_LANGUAGE_STANDARD = "gnu++14";
				CLANG_CXX_LIBRARY = "libc++";
				CLANG_ENABLE_MODULES = YES;
				CLANG_ENABLE_OBJC_ARC = YES;
				CLANG_ENABLE_OBJC_WEAK = YES;
				CLANG_WARN_BLOCK_CAPTURE_AUTORELEASING = YES;
				CLANG_WARN_BOOL_CONVERSION = YES;
				CLANG_WARN_COMMA = YES;
				CLANG_WARN_CONSTANT_CONVERSION = YES;
				CLANG_WARN_DEPRECATED_OBJC_IMPLEMENTATIONS = YES;
				CLANG_WARN_DIRECT_OBJC_ISA_USAGE = YES_ERROR;
				CLANG_WARN_DOCUMENTATION_COMMENTS = YES;
				CLANG_WARN_EMPTY_BODY = YES;
				CLANG_WARN_ENUM_CONVERSION = YES;
				CLANG_WARN_INFINITE_RECURSION = YES;
				CLANG_WARN_INT_CONVERSION = YES;
				CLANG_WARN_NON_LITERAL_NULL_CONVERSION = YES;
				CLANG_WARN_OBJC_IMPLICIT_RETAIN_SELF = YES;
				CLANG_WARN_OBJC_LITERAL_CONVERSION = YES;
				CLANG_WARN_OBJC_ROOT_CLASS = YES_ERROR;
				CLANG_WARN_QUOTED_INCLUDE_IN_FRAMEWORK_HEADER = YES;
				CLANG_WARN_RANGE_LOOP_ANALYSIS = YES;
				CLANG_WARN_STRICT_PROTOTYPES = YES;
				CLANG_WARN_SUSPICIOUS_MOVE = YES;
				CLANG_WARN_UNGUARDED_AVAILABILITY = YES_AGGRESSIVE;
				CLANG_WARN_UNREACHABLE_CODE = YES;
				CLANG_WARN__DUPLICATE_METHOD_MATCH = YES;
				COPY_PHASE_STRIP = NO;
				DEBUG_INFORMATION_FORMAT = dwarf;
				ENABLE_STRICT_OBJC_MSGSEND = YES;
				ENABLE_TESTABILITY = YES;
				GCC_C_LANGUAGE_STANDARD = gnu11;
				GCC_DYNAMIC_NO_PIC = NO;
				GCC_NO_COMMON_BLOCKS = YES;
				GCC_OPTIMIZATION_LEVEL = 0;
				GCC_PREPROCESSOR_DEFINITIONS = (
					"DEBUG=1",
					"$(inherited)",
				);
				GCC_WARN_64_TO_32_BIT_CONVERSION = YES;
				GCC_WARN_ABOUT_RETURN_TYPE = YES_ERROR;
				GCC_WARN_UNDECLARED_SELECTOR = YES;
				GCC_WARN_UNINITIALIZED_AUTOS = YES_AGGRESSIVE;
				GCC_WARN_UNUSED_FUNCTION = YES;
				GCC_WARN_UNUSED_VARIABLE = YES;
				IPHONEOS_DEPLOYMENT_TARGET = 14.4;
				MTL_ENABLE_DEBUG_INFO = INCLUDE_SOURCE;
				MTL_FAST_MATH = YES;
				ONLY_ACTIVE_ARCH = YES;
				SDKROOT = iphoneos;
				SWIFT_ACTIVE_COMPILATION_CONDITIONS = DEBUG;
				SWIFT_OPTIMIZATION_LEVEL = "-Onone";
			};
			name = Debug;
		};
		5398C23D261C538E00126181 /* Release */ = {
			isa = XCBuildConfiguration;
			buildSettings = {
				ALWAYS_SEARCH_USER_PATHS = NO;
				CLANG_ANALYZER_NONNULL = YES;
				CLANG_ANALYZER_NUMBER_OBJECT_CONVERSION = YES_AGGRESSIVE;
				CLANG_CXX_LANGUAGE_STANDARD = "gnu++14";
				CLANG_CXX_LIBRARY = "libc++";
				CLANG_ENABLE_MODULES = YES;
				CLANG_ENABLE_OBJC_ARC = YES;
				CLANG_ENABLE_OBJC_WEAK = YES;
				CLANG_WARN_BLOCK_CAPTURE_AUTORELEASING = YES;
				CLANG_WARN_BOOL_CONVERSION = YES;
				CLANG_WARN_COMMA = YES;
				CLANG_WARN_CONSTANT_CONVERSION = YES;
				CLANG_WARN_DEPRECATED_OBJC_IMPLEMENTATIONS = YES;
				CLANG_WARN_DIRECT_OBJC_ISA_USAGE = YES_ERROR;
				CLANG_WARN_DOCUMENTATION_COMMENTS = YES;
				CLANG_WARN_EMPTY_BODY = YES;
				CLANG_WARN_ENUM_CONVERSION = YES;
				CLANG_WARN_INFINITE_RECURSION = YES;
				CLANG_WARN_INT_CONVERSION = YES;
				CLANG_WARN_NON_LITERAL_NULL_CONVERSION = YES;
				CLANG_WARN_OBJC_IMPLICIT_RETAIN_SELF = YES;
				CLANG_WARN_OBJC_LITERAL_CONVERSION = YES;
				CLANG_WARN_OBJC_ROOT_CLASS = YES_ERROR;
				CLANG_WARN_QUOTED_INCLUDE_IN_FRAMEWORK_HEADER = YES;
				CLANG_WARN_RANGE_LOOP_ANALYSIS = YES;
				CLANG_WARN_STRICT_PROTOTYPES = YES;
				CLANG_WARN_SUSPICIOUS_MOVE = YES;
				CLANG_WARN_UNGUARDED_AVAILABILITY = YES_AGGRESSIVE;
				CLANG_WARN_UNREACHABLE_CODE = YES;
				CLANG_WARN__DUPLICATE_METHOD_MATCH = YES;
				COPY_PHASE_STRIP = NO;
				DEBUG_INFORMATION_FORMAT = "dwarf-with-dsym";
				ENABLE_NS_ASSERTIONS = NO;
				ENABLE_STRICT_OBJC_MSGSEND = YES;
				GCC_C_LANGUAGE_STANDARD = gnu11;
				GCC_NO_COMMON_BLOCKS = YES;
				GCC_WARN_64_TO_32_BIT_CONVERSION = YES;
				GCC_WARN_ABOUT_RETURN_TYPE = YES_ERROR;
				GCC_WARN_UNDECLARED_SELECTOR = YES;
				GCC_WARN_UNINITIALIZED_AUTOS = YES_AGGRESSIVE;
				GCC_WARN_UNUSED_FUNCTION = YES;
				GCC_WARN_UNUSED_VARIABLE = YES;
				IPHONEOS_DEPLOYMENT_TARGET = 14.4;
				MTL_ENABLE_DEBUG_INFO = NO;
				MTL_FAST_MATH = YES;
				SDKROOT = iphoneos;
				SWIFT_COMPILATION_MODE = wholemodule;
				SWIFT_OPTIMIZATION_LEVEL = "-O";
				VALIDATE_PRODUCT = YES;
			};
			name = Release;
		};
		5398C23F261C538E00126181 /* Debug */ = {
			isa = XCBuildConfiguration;
			baseConfigurationReference = 655E5F288DB1A889FBBD91B4 /* Pods-Weather.debug.xcconfig */;
			buildSettings = {
				ASSETCATALOG_COMPILER_APPICON_NAME = AppIcon;
				ASSETCATALOG_COMPILER_GLOBAL_ACCENT_COLOR_NAME = AccentColor;
				CODE_SIGN_STYLE = Automatic;
				DEVELOPMENT_ASSET_PATHS = "\"Weather/Preview Content\"";
				DEVELOPMENT_TEAM = T8AP55T38C;
				ENABLE_PREVIEWS = YES;
				INFOPLIST_FILE = Weather/Info.plist;
				IPHONEOS_DEPLOYMENT_TARGET = 14.0;
				LD_RUNPATH_SEARCH_PATHS = (
					"$(inherited)",
					"@executable_path/Frameworks",
				);
				PRODUCT_BUNDLE_IDENTIFIER = "Konstantin-Lopatkin.Weather";
				PRODUCT_NAME = "$(TARGET_NAME)";
				SWIFT_VERSION = 5.0;
				TARGETED_DEVICE_FAMILY = "1,2";
			};
			name = Debug;
		};
		5398C240261C538E00126181 /* Release */ = {
			isa = XCBuildConfiguration;
			baseConfigurationReference = A0EC178E03925217668162CB /* Pods-Weather.release.xcconfig */;
			buildSettings = {
				ASSETCATALOG_COMPILER_APPICON_NAME = AppIcon;
				ASSETCATALOG_COMPILER_GLOBAL_ACCENT_COLOR_NAME = AccentColor;
				CODE_SIGN_STYLE = Automatic;
				DEVELOPMENT_ASSET_PATHS = "\"Weather/Preview Content\"";
				DEVELOPMENT_TEAM = T8AP55T38C;
				ENABLE_PREVIEWS = YES;
				INFOPLIST_FILE = Weather/Info.plist;
				IPHONEOS_DEPLOYMENT_TARGET = 14.0;
				LD_RUNPATH_SEARCH_PATHS = (
					"$(inherited)",
					"@executable_path/Frameworks",
				);
				PRODUCT_BUNDLE_IDENTIFIER = "Konstantin-Lopatkin.Weather";
				PRODUCT_NAME = "$(TARGET_NAME)";
				SWIFT_VERSION = 5.0;
				TARGETED_DEVICE_FAMILY = "1,2";
			};
			name = Release;
		};
/* End XCBuildConfiguration section */

/* Begin XCConfigurationList section */
		5398C225261C538B00126181 /* Build configuration list for PBXProject "Weather" */ = {
			isa = XCConfigurationList;
			buildConfigurations = (
				5398C23C261C538E00126181 /* Debug */,
				5398C23D261C538E00126181 /* Release */,
			);
			defaultConfigurationIsVisible = 0;
			defaultConfigurationName = Release;
		};
		5398C23E261C538E00126181 /* Build configuration list for PBXNativeTarget "Weather" */ = {
			isa = XCConfigurationList;
			buildConfigurations = (
				5398C23F261C538E00126181 /* Debug */,
				5398C240261C538E00126181 /* Release */,
			);
			defaultConfigurationIsVisible = 0;
			defaultConfigurationName = Release;
		};
/* End XCConfigurationList section */

/* Begin XCVersionGroup section */
		5398C238261C538E00126181 /* Weather.xcdatamodeld */ = {
			isa = XCVersionGroup;
			children = (
				5398C239261C538E00126181 /* Weather.xcdatamodel */,
			);
			currentVersion = 5398C239261C538E00126181 /* Weather.xcdatamodel */;
			path = Weather.xcdatamodeld;
			sourceTree = "<group>";
			versionGroupType = wrapper.xcdatamodel;
		};
/* End XCVersionGroup section */
	};
	rootObject = 5398C222261C538B00126181 /* Project object */;
}
